
Microsoft Visual Studio Solution File, Format Version 12.00
# Visual Studio Version 16
VisualStudioVersion = 16.0.29509.3
MinimumVisualStudioVersion = 10.0.40219.1
Project("{FAE04EC0-301F-11D3-BF4B-00C04F79EFBC}") = "SlowCheetahWebPublishIssue", "SlowCheetahWebPublishIssue\SlowCheetahWebPublishIssue.csproj", "{1D7DDED9-BD16-4C38-B66B-90A63D003077}"
EndProject
Global
	GlobalSection(SolutionConfigurationPlatforms) = preSolution
		Debug|Any CPU = Debug|Any CPU
		FolderProfile|Any CPU = FolderProfile|Any CPU
		Release|Any CPU = Release|Any CPU
	EndGlobalSection
	GlobalSection(ProjectConfigurationPlatforms) = postSolution
		{1D7DDED9-BD16-4C38-B66B-90A63D003077}.Debug|Any CPU.ActiveCfg = Debug|Any CPU
		{1D7DDED9-BD16-4C38-B66B-90A63D003077}.Debug|Any CPU.Build.0 = Debug|Any CPU
		{1D7DDED9-BD16-4C38-B66B-90A63D003077}.FolderProfile|Any CPU.ActiveCfg = FolderProfile|Any CPU
		{1D7DDED9-BD16-4C38-B66B-90A63D003077}.FolderProfile|Any CPU.Build.0 = FolderProfile|Any CPU
		{1D7DDED9-BD16-4C38-B66B-90A63D003077}.Release|Any CPU.ActiveCfg = Release|Any CPU
		{1D7DDED9-BD16-4C38-B66B-90A63D003077}.Release|Any CPU.Build.0 = Release|Any CPU
	EndGlobalSection
	GlobalSection(SolutionProperties) = preSolution
		HideSolutionNode = FALSE
	EndGlobalSection
	GlobalSection(ExtensibilityGlobals) = postSolution
		SolutionGuid = {BA350B17-69C7-472A-8B17-6C354D554B9E}
	EndGlobalSection
EndGlobal
